
Microsoft Visual Studio Solution File, Format Version 12.00
Project("{FAE04EC0-301F-11D3-BF4B-00C04F79EFBC}") = "CarService", "CarService\CarService.csproj", "{7907E9D9-E8B0-4EC3-B1CF-94AA1363E716}"
EndProject
Project("{FAE04EC0-301F-11D3-BF4B-00C04F79EFBC}") = "Common", "..\..\..\Common\Common\Common.csproj", "{EA9DEC44-6118-4ABD-AA46-F8E2220F6150}"
EndProject
Global
	GlobalSection(SolutionConfigurationPlatforms) = preSolution
		Debug|Any CPU = Debug|Any CPU
		Release|Any CPU = Release|Any CPU
	EndGlobalSection
	GlobalSection(ProjectConfigurationPlatforms) = postSolution
		{7907E9D9-E8B0-4EC3-B1CF-94AA1363E716}.Debug|Any CPU.ActiveCfg = Debug|Any CPU
		{7907E9D9-E8B0-4EC3-B1CF-94AA1363E716}.Debug|Any CPU.Build.0 = Debug|Any CPU
		{7907E9D9-E8B0-4EC3-B1CF-94AA1363E716}.Release|Any CPU.ActiveCfg = Release|Any CPU
		{7907E9D9-E8B0-4EC3-B1CF-94AA1363E716}.Release|Any CPU.Build.0 = Release|Any CPU
		{EA9DEC44-6118-4ABD-AA46-F8E2220F6150}.Debug|Any CPU.ActiveCfg = Debug|Any CPU
		{EA9DEC44-6118-4ABD-AA46-F8E2220F6150}.Debug|Any CPU.Build.0 = Debug|Any CPU
		{EA9DEC44-6118-4ABD-AA46-F8E2220F6150}.Release|Any CPU.ActiveCfg = Release|Any CPU
		{EA9DEC44-6118-4ABD-AA46-F8E2220F6150}.Release|Any CPU.Build.0 = Release|Any CPU
	EndGlobalSection
EndGlobal
